
Microsoft Visual Studio Solution File, Format Version 12.00
# Visual Studio 2012
Project("{FAE04EC0-301F-11D3-BF4B-00C04F79EFBC}") = "Test", "Window\Test.csproj", "{0F3CF006-2A09-4A7C-B6E1-4EA704911807}"
EndProject
Project("{FAE04EC0-301F-11D3-BF4B-00C04F79EFBC}") = "RCCSever", "RCCSever\RCCSever.csproj", "{76A0013D-EBEA-4F32-9A2A-8831F13A0E24}"
EndProject
Project("{FAE04EC0-301F-11D3-BF4B-00C04F79EFBC}") = "WpfMvvmApplication1", "WpfMvvmApplication1\WpfMvvmApplication1.csproj", "{B9BE34D5-2C9D-4C28-BB85-8A89D7737AAA}"
EndProject
Project("{FAE04EC0-301F-11D3-BF4B-00C04F79EFBC}") = "MetroMvvm", "MetroMvvm\MetroMvvm.csproj", "{DED6F8F9-B973-4A9F-B9B8-224D1B36C7CB}"
EndProject
Project("{FAE04EC0-301F-11D3-BF4B-00C04F79EFBC}") = "ImageTest", "ImageTest\ImageTest.csproj", "{2E7A1769-0C69-4218-8ECF-06E9A7DCCBDC}"
EndProject
Project("{FAE04EC0-301F-11D3-BF4B-00C04F79EFBC}") = "Radius", "Radius\Radius.csproj", "{14A8F519-B831-4B39-A650-5A8144F0F956}"
EndProject
Project("{FAE04EC0-301F-11D3-BF4B-00C04F79EFBC}") = "Inkimage", "Inkimage\Inkimage.csproj", "{2E91D4C6-8F14-4643-8ED7-59A02635AAED}"
EndProject
Project("{FAE04EC0-301F-11D3-BF4B-00C04F79EFBC}") = "WpfApplication1", "WpfApplication1\WpfApplication1.csproj", "{139307DF-D06E-433C-904E-6B51B07D27C7}"
EndProject
Project("{FAE04EC0-301F-11D3-BF4B-00C04F79EFBC}") = "SeekOauth", "SeekOauth\SeekOauth.csproj", "{E785F970-68B5-419D-AAA5-63487C1A3DAE}"
EndProject
Project("{FAE04EC0-301F-11D3-BF4B-00C04F79EFBC}") = "CheckTest", "CheckTest\CheckTest.csproj", "{645F9338-5B15-45BF-88F1-55F7458018F7}"
EndProject
Global
	GlobalSection(SolutionConfigurationPlatforms) = preSolution
		Debug|Any CPU = Debug|Any CPU
		Debug|Mixed Platforms = Debug|Mixed Platforms
		Debug|x86 = Debug|x86
		Release|Any CPU = Release|Any CPU
		Release|Mixed Platforms = Release|Mixed Platforms
		Release|x86 = Release|x86
	EndGlobalSection
	GlobalSection(ProjectConfigurationPlatforms) = postSolution
		{0F3CF006-2A09-4A7C-B6E1-4EA704911807}.Debug|Any CPU.ActiveCfg = Debug|Any CPU
		{0F3CF006-2A09-4A7C-B6E1-4EA704911807}.Debug|Any CPU.Build.0 = Debug|Any CPU
		{0F3CF006-2A09-4A7C-B6E1-4EA704911807}.Debug|Mixed Platforms.ActiveCfg = Debug|Any CPU
		{0F3CF006-2A09-4A7C-B6E1-4EA704911807}.Debug|Mixed Platforms.Build.0 = Debug|Any CPU
		{0F3CF006-2A09-4A7C-B6E1-4EA704911807}.Debug|x86.ActiveCfg = Debug|Any CPU
		{0F3CF006-2A09-4A7C-B6E1-4EA704911807}.Release|Any CPU.ActiveCfg = Release|Any CPU
		{0F3CF006-2A09-4A7C-B6E1-4EA704911807}.Release|Any CPU.Build.0 = Release|Any CPU
		{0F3CF006-2A09-4A7C-B6E1-4EA704911807}.Release|Mixed Platforms.ActiveCfg = Release|Any CPU
		{0F3CF006-2A09-4A7C-B6E1-4EA704911807}.Release|Mixed Platforms.Build.0 = Release|Any CPU
		{0F3CF006-2A09-4A7C-B6E1-4EA704911807}.Release|x86.ActiveCfg = Release|Any CPU
		{76A0013D-EBEA-4F32-9A2A-8831F13A0E24}.Debug|Any CPU.ActiveCfg = Debug|Any CPU
		{76A0013D-EBEA-4F32-9A2A-8831F13A0E24}.Debug|Any CPU.Build.0 = Debug|Any CPU
		{76A0013D-EBEA-4F32-9A2A-8831F13A0E24}.Debug|Mixed Platforms.ActiveCfg = Debug|Any CPU
		{76A0013D-EBEA-4F32-9A2A-8831F13A0E24}.Debug|Mixed Platforms.Build.0 = Debug|Any CPU
		{76A0013D-EBEA-4F32-9A2A-8831F13A0E24}.Debug|x86.ActiveCfg = Debug|Any CPU
		{76A0013D-EBEA-4F32-9A2A-8831F13A0E24}.Release|Any CPU.ActiveCfg = Release|Any CPU
		{76A0013D-EBEA-4F32-9A2A-8831F13A0E24}.Release|Any CPU.Build.0 = Release|Any CPU
		{76A0013D-EBEA-4F32-9A2A-8831F13A0E24}.Release|Mixed Platforms.ActiveCfg = Release|Any CPU
		{76A0013D-EBEA-4F32-9A2A-8831F13A0E24}.Release|Mixed Platforms.Build.0 = Release|Any CPU
		{76A0013D-EBEA-4F32-9A2A-8831F13A0E24}.Release|x86.ActiveCfg = Release|Any CPU
		{B9BE34D5-2C9D-4C28-BB85-8A89D7737AAA}.Debug|Any CPU.ActiveCfg = Debug|x86
		{B9BE34D5-2C9D-4C28-BB85-8A89D7737AAA}.Debug|Mixed Platforms.ActiveCfg = Debug|x86
		{B9BE34D5-2C9D-4C28-BB85-8A89D7737AAA}.Debug|Mixed Platforms.Build.0 = Debug|x86
		{B9BE34D5-2C9D-4C28-BB85-8A89D7737AAA}.Debug|x86.ActiveCfg = Debug|x86
		{B9BE34D5-2C9D-4C28-BB85-8A89D7737AAA}.Debug|x86.Build.0 = Debug|x86
		{B9BE34D5-2C9D-4C28-BB85-8A89D7737AAA}.Release|Any CPU.ActiveCfg = Release|x86
		{B9BE34D5-2C9D-4C28-BB85-8A89D7737AAA}.Release|Mixed Platforms.ActiveCfg = Release|x86
		{B9BE34D5-2C9D-4C28-BB85-8A89D7737AAA}.Release|Mixed Platforms.Build.0 = Release|x86
		{B9BE34D5-2C9D-4C28-BB85-8A89D7737AAA}.Release|x86.ActiveCfg = Release|x86
		{B9BE34D5-2C9D-4C28-BB85-8A89D7737AAA}.Release|x86.Build.0 = Release|x86
		{DED6F8F9-B973-4A9F-B9B8-224D1B36C7CB}.Debug|Any CPU.ActiveCfg = Debug|Any CPU
		{DED6F8F9-B973-4A9F-B9B8-224D1B36C7CB}.Debug|Any CPU.Build.0 = Debug|Any CPU
		{DED6F8F9-B973-4A9F-B9B8-224D1B36C7CB}.Debug|Mixed Platforms.ActiveCfg = Debug|Any CPU
		{DED6F8F9-B973-4A9F-B9B8-224D1B36C7CB}.Debug|Mixed Platforms.Build.0 = Debug|Any CPU
		{DED6F8F9-B973-4A9F-B9B8-224D1B36C7CB}.Debug|x86.ActiveCfg = Debug|Any CPU
		{DED6F8F9-B973-4A9F-B9B8-224D1B36C7CB}.Release|Any CPU.ActiveCfg = Release|Any CPU
		{DED6F8F9-B973-4A9F-B9B8-224D1B36C7CB}.Release|Any CPU.Build.0 = Release|Any CPU
		{DED6F8F9-B973-4A9F-B9B8-224D1B36C7CB}.Release|Mixed Platforms.ActiveCfg = Release|Any CPU
		{DED6F8F9-B973-4A9F-B9B8-224D1B36C7CB}.Release|Mixed Platforms.Build.0 = Release|Any CPU
		{DED6F8F9-B973-4A9F-B9B8-224D1B36C7CB}.Release|x86.ActiveCfg = Release|Any CPU
		{2E7A1769-0C69-4218-8ECF-06E9A7DCCBDC}.Debug|Any CPU.ActiveCfg = Debug|Any CPU
		{2E7A1769-0C69-4218-8ECF-06E9A7DCCBDC}.Debug|Any CPU.Build.0 = Debug|Any CPU
		{2E7A1769-0C69-4218-8ECF-06E9A7DCCBDC}.Debug|Mixed Platforms.ActiveCfg = Debug|Any CPU
		{2E7A1769-0C69-4218-8ECF-06E9A7DCCBDC}.Debug|Mixed Platforms.Build.0 = Debug|Any CPU
		{2E7A1769-0C69-4218-8ECF-06E9A7DCCBDC}.Debug|x86.ActiveCfg = Debug|Any CPU
		{2E7A1769-0C69-4218-8ECF-06E9A7DCCBDC}.Release|Any CPU.ActiveCfg = Release|Any CPU
		{2E7A1769-0C69-4218-8ECF-06E9A7DCCBDC}.Release|Any CPU.Build.0 = Release|Any CPU
		{2E7A1769-0C69-4218-8ECF-06E9A7DCCBDC}.Release|Mixed Platforms.ActiveCfg = Release|Any CPU
		{2E7A1769-0C69-4218-8ECF-06E9A7DCCBDC}.Release|Mixed Platforms.Build.0 = Release|Any CPU
		{2E7A1769-0C69-4218-8ECF-06E9A7DCCBDC}.Release|x86.ActiveCfg = Release|Any CPU
		{14A8F519-B831-4B39-A650-5A8144F0F956}.Debug|Any CPU.ActiveCfg = Debug|Any CPU
		{14A8F519-B831-4B39-A650-5A8144F0F956}.Debug|Any CPU.Build.0 = Debug|Any CPU
		{14A8F519-B831-4B39-A650-5A8144F0F956}.Debug|Mixed Platforms.ActiveCfg = Debug|Any CPU
		{14A8F519-B831-4B39-A650-5A8144F0F956}.Debug|Mixed Platforms.Build.0 = Debug|Any CPU
		{14A8F519-B831-4B39-A650-5A8144F0F956}.Debug|x86.ActiveCfg = Debug|Any CPU
		{14A8F519-B831-4B39-A650-5A8144F0F956}.Release|Any CPU.ActiveCfg = Release|Any CPU
		{14A8F519-B831-4B39-A650-5A8144F0F956}.Release|Any CPU.Build.0 = Release|Any CPU
		{14A8F519-B831-4B39-A650-5A8144F0F956}.Release|Mixed Platforms.ActiveCfg = Release|Any CPU
		{14A8F519-B831-4B39-A650-5A8144F0F956}.Release|Mixed Platforms.Build.0 = Release|Any CPU
		{14A8F519-B831-4B39-A650-5A8144F0F956}.Release|x86.ActiveCfg = Release|Any CPU
		{2E91D4C6-8F14-4643-8ED7-59A02635AAED}.Debug|Any CPU.ActiveCfg = Debug|Any CPU
		{2E91D4C6-8F14-4643-8ED7-59A02635AAED}.Debug|Any CPU.Build.0 = Debug|Any CPU
		{2E91D4C6-8F14-4643-8ED7-59A02635AAED}.Debug|Mixed Platforms.ActiveCfg = Debug|Any CPU
		{2E91D4C6-8F14-4643-8ED7-59A02635AAED}.Debug|Mixed Platforms.Build.0 = Debug|Any CPU
		{2E91D4C6-8F14-4643-8ED7-59A02635AAED}.Debug|x86.ActiveCfg = Debug|Any CPU
		{2E91D4C6-8F14-4643-8ED7-59A02635AAED}.Release|Any CPU.ActiveCfg = Release|Any CPU
		{2E91D4C6-8F14-4643-8ED7-59A02635AAED}.Release|Any CPU.Build.0 = Release|Any CPU
		{2E91D4C6-8F14-4643-8ED7-59A02635AAED}.Release|Mixed Platforms.ActiveCfg = Release|Any CPU
		{2E91D4C6-8F14-4643-8ED7-59A02635AAED}.Release|Mixed Platforms.Build.0 = Release|Any CPU
		{2E91D4C6-8F14-4643-8ED7-59A02635AAED}.Release|x86.ActiveCfg = Release|Any CPU
		{139307DF-D06E-433C-904E-6B51B07D27C7}.Debug|Any CPU.ActiveCfg = Debug|Any CPU
		{139307DF-D06E-433C-904E-6B51B07D27C7}.Debug|Any CPU.Build.0 = Debug|Any CPU
		{139307DF-D06E-433C-904E-6B51B07D27C7}.Debug|Mixed Platforms.ActiveCfg = Debug|Any CPU
		{139307DF-D06E-433C-904E-6B51B07D27C7}.Debug|Mixed Platforms.Build.0 = Debug|Any CPU
		{139307DF-D06E-433C-904E-6B51B07D27C7}.Debug|x86.ActiveCfg = Debug|Any CPU
		{139307DF-D06E-433C-904E-6B51B07D27C7}.Release|Any CPU.ActiveCfg = Release|Any CPU
		{139307DF-D06E-433C-904E-6B51B07D27C7}.Release|Any CPU.Build.0 = Release|Any CPU
		{139307DF-D06E-433C-904E-6B51B07D27C7}.Release|Mixed Platforms.ActiveCfg = Release|Any CPU
		{139307DF-D06E-433C-904E-6B51B07D27C7}.Release|Mixed Platforms.Build.0 = Release|Any CPU
		{139307DF-D06E-433C-904E-6B51B07D27C7}.Release|x86.ActiveCfg = Release|Any CPU
		{E785F970-68B5-419D-AAA5-63487C1A3DAE}.Debug|Any CPU.ActiveCfg = Debug|Any CPU
		{E785F970-68B5-419D-AAA5-63487C1A3DAE}.Debug|Any CPU.Build.0 = Debug|Any CPU
		{E785F970-68B5-419D-AAA5-63487C1A3DAE}.Debug|Mixed Platforms.ActiveCfg = Debug|Any CPU
		{E785F970-68B5-419D-AAA5-63487C1A3DAE}.Debug|Mixed Platforms.Build.0 = Debug|Any CPU
		{E785F970-68B5-419D-AAA5-63487C1A3DAE}.Debug|x86.ActiveCfg = Debug|Any CPU
		{E785F970-68B5-419D-AAA5-63487C1A3DAE}.Release|Any CPU.ActiveCfg = Release|Any CPU
		{E785F970-68B5-419D-AAA5-63487C1A3DAE}.Release|Any CPU.Build.0 = Release|Any CPU
		{E785F970-68B5-419D-AAA5-63487C1A3DAE}.Release|Mixed Platforms.ActiveCfg = Release|Any CPU
		{E785F970-68B5-419D-AAA5-63487C1A3DAE}.Release|Mixed Platforms.Build.0 = Release|Any CPU
		{E785F970-68B5-419D-AAA5-63487C1A3DAE}.Release|x86.ActiveCfg = Release|Any CPU
		{645F9338-5B15-45BF-88F1-55F7458018F7}.Debug|Any CPU.ActiveCfg = Debug|Any CPU
		{645F9338-5B15-45BF-88F1-55F7458018F7}.Debug|Any CPU.Build.0 = Debug|Any CPU
		{645F9338-5B15-45BF-88F1-55F7458018F7}.Debug|Mixed Platforms.ActiveCfg = Debug|Any CPU
		{645F9338-5B15-45BF-88F1-55F7458018F7}.Debug|Mixed Platforms.Build.0 = Debug|Any CPU
		{645F9338-5B15-45BF-88F1-55F7458018F7}.Debug|x86.ActiveCfg = Debug|Any CPU
		{645F9338-5B15-45BF-88F1-55F7458018F7}.Release|Any CPU.ActiveCfg = Release|Any CPU
		{645F9338-5B15-45BF-88F1-55F7458018F7}.Release|Any CPU.Build.0 = Release|Any CPU
		{645F9338-5B15-45BF-88F1-55F7458018F7}.Release|Mixed Platforms.ActiveCfg = Release|Any CPU
		{645F9338-5B15-45BF-88F1-55F7458018F7}.Release|Mixed Platforms.Build.0 = Release|Any CPU
		{645F9338-5B15-45BF-88F1-55F7458018F7}.Release|x86.ActiveCfg = Release|Any CPU
	EndGlobalSection
	GlobalSection(SolutionProperties) = preSolution
		HideSolutionNode = FALSE
	EndGlobalSection
EndGlobal
